
Microsoft Visual Studio Solution File, Format Version 12.00
# Visual Studio Version 16
VisualStudioVersion = 16.0.30804.86
MinimumVisualStudioVersion = 10.0.40219.1
Project("{FAE04EC0-301F-11D3-BF4B-00C04F79EFBC}") = "partialview", "partialview\partialview.csproj", "{0EB7EA2A-6527-46C6-ADEF-688B1B527D78}"
EndProject
Global
	GlobalSection(SolutionConfigurationPlatforms) = preSolution
		Debug|Any CPU = Debug|Any CPU
		Release|Any CPU = Release|Any CPU
	EndGlobalSection
	GlobalSection(ProjectConfigurationPlatforms) = postSolution
		{0EB7EA2A-6527-46C6-ADEF-688B1B527D78}.Debug|Any CPU.ActiveCfg = Debug|Any CPU
		{0EB7EA2A-6527-46C6-ADEF-688B1B527D78}.Debug|Any CPU.Build.0 = Debug|Any CPU
		{0EB7EA2A-6527-46C6-ADEF-688B1B527D78}.Release|Any CPU.ActiveCfg = Release|Any CPU
		{0EB7EA2A-6527-46C6-ADEF-688B1B527D78}.Release|Any CPU.Build.0 = Release|Any CPU
	EndGlobalSection
	GlobalSection(SolutionProperties) = preSolution
		HideSolutionNode = FALSE
	EndGlobalSection
	GlobalSection(ExtensibilityGlobals) = postSolution
		SolutionGuid = {116D6483-7B61-48F7-B746-F73FBA9AEDC5}
	EndGlobalSection
EndGlobal
